// !$*UTF8*$!
{
	archiveVersion = 1;
	classes = {
	};
	objectVersion = 50;
	objects = {

/* Begin PBXBuildFile section */
		2A32F0C026387A6700E0E590 /* COSC603ProjectApp.swift in Sources */ = {isa = PBXBuildFile; fileRef = 2A32F0BF26387A6700E0E590 /* COSC603ProjectApp.swift */; };
		2A32F0C226387A6700E0E590 /* ContentView.swift in Sources */ = {isa = PBXBuildFile; fileRef = 2A32F0C126387A6700E0E590 /* ContentView.swift */; };
		2A32F0C426387A6800E0E590 /* Assets.xcassets in Resources */ = {isa = PBXBuildFile; fileRef = 2A32F0C326387A6800E0E590 /* Assets.xcassets */; };
		2A32F0C726387A6800E0E590 /* Preview Assets.xcassets in Resources */ = {isa = PBXBuildFile; fileRef = 2A32F0C626387A6800E0E590 /* Preview Assets.xcassets */; };
		2A32F0D226387A6800E0E590 /* COSC603ProjectTests.swift in Sources */ = {isa = PBXBuildFile; fileRef = 2A32F0D126387A6800E0E590 /* COSC603ProjectTests.swift */; };
		2A32F0DD26387A6800E0E590 /* COSC603ProjectUITests.swift in Sources */ = {isa = PBXBuildFile; fileRef = 2A32F0DC26387A6800E0E590 /* COSC603ProjectUITests.swift */; };
		2A32F0EE2638933700E0E590 /* Operations.swift in Sources */ = {isa = PBXBuildFile; fileRef = 2A32F0ED2638933700E0E590 /* Operations.swift */; };
		2A7A674B264628D300347049 /* Operations.swift in Sources */ = {isa = PBXBuildFile; fileRef = 2A32F0ED2638933700E0E590 /* Operations.swift */; };
		2A7A674D264628F100347049 /* OperationsLogicCoverageTests.swift in Sources */ = {isa = PBXBuildFile; fileRef = 2A7A674C264628F100347049 /* OperationsLogicCoverageTests.swift */; };
/* End PBXBuildFile section */

/* Begin PBXContainerItemProxy section */
		2A32F0CE26387A6800E0E590 /* PBXContainerItemProxy */ = {
			isa = PBXContainerItemProxy;
			containerPortal = 2A32F0B426387A6700E0E590 /* Project object */;
			proxyType = 1;
			remoteGlobalIDString = 2A32F0BB26387A6700E0E590;
			remoteInfo = COSC603Project;
		};
		2A32F0D926387A6800E0E590 /* PBXContainerItemProxy */ = {
			isa = PBXContainerItemProxy;
			containerPortal = 2A32F0B426387A6700E0E590 /* Project object */;
			proxyType = 1;
			remoteGlobalIDString = 2A32F0BB26387A6700E0E590;
			remoteInfo = COSC603Project;
		};
/* End PBXContainerItemProxy section */

/* Begin PBXFileReference section */
		2A32F0BC26387A6700E0E590 /* COSC603Project.app */ = {isa = PBXFileReference; explicitFileType = wrapper.application; includeInIndex = 0; path = COSC603Project.app; sourceTree = BUILT_PRODUCTS_DIR; };
		2A32F0BF26387A6700E0E590 /* COSC603ProjectApp.swift */ = {isa = PBXFileReference; lastKnownFileType = sourcecode.swift; path = COSC603ProjectApp.swift; sourceTree = "<group>"; };
		2A32F0C126387A6700E0E590 /* ContentView.swift */ = {isa = PBXFileReference; lastKnownFileType = sourcecode.swift; path = ContentView.swift; sourceTree = "<group>"; };
		2A32F0C326387A6800E0E590 /* Assets.xcassets */ = {isa = PBXFileReference; lastKnownFileType = folder.assetcatalog; path = Assets.xcassets; sourceTree = "<group>"; };
		2A32F0C626387A6800E0E590 /* Preview Assets.xcassets */ = {isa = PBXFileReference; lastKnownFileType = folder.assetcatalog; path = "Preview Assets.xcassets"; sourceTree = "<group>"; };
		2A32F0C826387A6800E0E590 /* Info.plist */ = {isa = PBXFileReference; lastKnownFileType = text.plist.xml; path = Info.plist; sourceTree = "<group>"; };
		2A32F0CD26387A6800E0E590 /* COSC603ProjectTests.xctest */ = {isa = PBXFileReference; explicitFileType = wrapper.cfbundle; includeInIndex = 0; path = COSC603ProjectTests.xctest; sourceTree = BUILT_PRODUCTS_DIR; };
		2A32F0D126387A6800E0E590 /* COSC603ProjectTests.swift */ = {isa = PBXFileReference; lastKnownFileType = sourcecode.swift; path = COSC603ProjectTests.swift; sourceTree = "<group>"; };
		2A32F0D326387A6800E0E590 /* Info.plist */ = {isa = PBXFileReference; lastKnownFileType = text.plist.xml; path = Info.plist; sourceTree = "<group>"; };
		2A32F0D826387A6800E0E590 /* COSC603ProjectUITests.xctest */ = {isa = PBXFileReference; explicitFileType = wrapper.cfbundle; includeInIndex = 0; path = COSC603ProjectUITests.xctest; sourceTree = BUILT_PRODUCTS_DIR; };
		2A32F0DC26387A6800E0E590 /* COSC603ProjectUITests.swift */ = {isa = PBXFileReference; lastKnownFileType = sourcecode.swift; path = COSC603ProjectUITests.swift; sourceTree = "<group>"; };
		2A32F0DE26387A6800E0E590 /* Info.plist */ = {isa = PBXFileReference; lastKnownFileType = text.plist.xml; path = Info.plist; sourceTree = "<group>"; };
		2A32F0ED2638933700E0E590 /* Operations.swift */ = {isa = PBXFileReference; lastKnownFileType = sourcecode.swift; path = Operations.swift; sourceTree = "<group>"; };
		2A7A674C264628F100347049 /* OperationsLogicCoverageTests.swift */ = {isa = PBXFileReference; lastKnownFileType = sourcecode.swift; path = OperationsLogicCoverageTests.swift; sourceTree = "<group>"; };
/* End PBXFileReference section */

/* Begin PBXFrameworksBuildPhase section */
		2A32F0B926387A6700E0E590 /* Frameworks */ = {
			isa = PBXFrameworksBuildPhase;
			buildActionMask = 2147483647;
			files = (
			);
			runOnlyForDeploymentPostprocessing = 0;
		};
		2A32F0CA26387A6800E0E590 /* Frameworks */ = {
			isa = PBXFrameworksBuildPhase;
			buildActionMask = 2147483647;
			files = (
			);
			runOnlyForDeploymentPostprocessing = 0;
		};
		2A32F0D526387A6800E0E590 /* Frameworks */ = {
			isa = PBXFrameworksBuildPhase;
			buildActionMask = 2147483647;
			files = (
			);
			runOnlyForDeploymentPostprocessing = 0;
		};
/* End PBXFrameworksBuildPhase section */

/* Begin PBXGroup section */
		2A32F0B326387A6700E0E590 = {
			isa = PBXGroup;
			children = (
				2A32F0BE26387A6700E0E590 /* COSC603Project */,
				2A32F0D026387A6800E0E590 /* COSC603ProjectTests */,
				2A32F0DB26387A6800E0E590 /* COSC603ProjectUITests */,
				2A32F0BD26387A6700E0E590 /* Products */,
			);
			sourceTree = "<group>";
		};
		2A32F0BD26387A6700E0E590 /* Products */ = {
			isa = PBXGroup;
			children = (
				2A32F0BC26387A6700E0E590 /* COSC603Project.app */,
				2A32F0CD26387A6800E0E590 /* COSC603ProjectTests.xctest */,
				2A32F0D826387A6800E0E590 /* COSC603ProjectUITests.xctest */,
			);
			name = Products;
			sourceTree = "<group>";
		};
		2A32F0BE26387A6700E0E590 /* COSC603Project */ = {
			isa = PBXGroup;
			children = (
				2A32F0BF26387A6700E0E590 /* COSC603ProjectApp.swift */,
				2A32F0C126387A6700E0E590 /* ContentView.swift */,
				2A32F0C326387A6800E0E590 /* Assets.xcassets */,
				2A32F0C826387A6800E0E590 /* Info.plist */,
				2A32F0C526387A6800E0E590 /* Preview Content */,
				2A32F0ED2638933700E0E590 /* Operations.swift */,
			);
			path = COSC603Project;
			sourceTree = "<group>";
		};
		2A32F0C526387A6800E0E590 /* Preview Content */ = {
			isa = PBXGroup;
			children = (
				2A32F0C626387A6800E0E590 /* Preview Assets.xcassets */,
			);
			path = "Preview Content";
			sourceTree = "<group>";
		};
		2A32F0D026387A6800E0E590 /* COSC603ProjectTests */ = {
			isa = PBXGroup;
			children = (
				2A32F0D126387A6800E0E590 /* COSC603ProjectTests.swift */,
				2A32F0D326387A6800E0E590 /* Info.plist */,
				2A7A674C264628F100347049 /* OperationsLogicCoverageTests.swift */,
			);
			path = COSC603ProjectTests;
			sourceTree = "<group>";
		};
		2A32F0DB26387A6800E0E590 /* COSC603ProjectUITests */ = {
			isa = PBXGroup;
			children = (
				2A32F0DC26387A6800E0E590 /* COSC603ProjectUITests.swift */,
				2A32F0DE26387A6800E0E590 /* Info.plist */,
			);
			path = COSC603ProjectUITests;
			sourceTree = "<group>";
		};
/* End PBXGroup section */

/* Begin PBXNativeTarget section */
		2A32F0BB26387A6700E0E590 /* COSC603Project */ = {
			isa = PBXNativeTarget;
			buildConfigurationList = 2A32F0E126387A6800E0E590 /* Build configuration list for PBXNativeTarget "COSC603Project" */;
			buildPhases = (
				2A32F0B826387A6700E0E590 /* Sources */,
				2A32F0B926387A6700E0E590 /* Frameworks */,
				2A32F0BA26387A6700E0E590 /* Resources */,
			);
			buildRules = (
			);
			dependencies = (
			);
			name = COSC603Project;
			productName = COSC603Project;
			productReference = 2A32F0BC26387A6700E0E590 /* COSC603Project.app */;
			productType = "com.apple.product-type.application";
		};
		2A32F0CC26387A6800E0E590 /* COSC603ProjectTests */ = {
			isa = PBXNativeTarget;
			buildConfigurationList = 2A32F0E426387A6800E0E590 /* Build configuration list for PBXNativeTarget "COSC603ProjectTests" */;
			buildPhases = (
				2A32F0C926387A6800E0E590 /* Sources */,
				2A32F0CA26387A6800E0E590 /* Frameworks */,
				2A32F0CB26387A6800E0E590 /* Resources */,
			);
			buildRules = (
			);
			dependencies = (
				2A32F0CF26387A6800E0E590 /* PBXTargetDependency */,
			);
			name = COSC603ProjectTests;
			productName = COSC603ProjectTests;
			productReference = 2A32F0CD26387A6800E0E590 /* COSC603ProjectTests.xctest */;
			productType = "com.apple.product-type.bundle.unit-test";
		};
		2A32F0D726387A6800E0E590 /* COSC603ProjectUITests */ = {
			isa = PBXNativeTarget;
			buildConfigurationList = 2A32F0E726387A6800E0E590 /* Build configuration list for PBXNativeTarget "COSC603ProjectUITests" */;
			buildPhases = (
				2A32F0D426387A6800E0E590 /* Sources */,
				2A32F0D526387A6800E0E590 /* Frameworks */,
				2A32F0D626387A6800E0E590 /* Resources */,
			);
			buildRules = (
			);
			dependencies = (
				2A32F0DA26387A6800E0E590 /* PBXTargetDependency */,
			);
			name = COSC603ProjectUITests;
			productName = COSC603ProjectUITests;
			productReference = 2A32F0D826387A6800E0E590 /* COSC603ProjectUITests.xctest */;
			productType = "com.apple.product-type.bundle.ui-testing";
		};
/* End PBXNativeTarget section */

/* Begin PBXProject section */
		2A32F0B426387A6700E0E590 /* Project object */ = {
			isa = PBXProject;
			attributes = {
				LastSwiftUpdateCheck = 1240;
				LastUpgradeCheck = 1240;
				TargetAttributes = {
					2A32F0BB26387A6700E0E590 = {
						CreatedOnToolsVersion = 12.4;
					};
					2A32F0CC26387A6800E0E590 = {
						CreatedOnToolsVersion = 12.4;
						TestTargetID = 2A32F0BB26387A6700E0E590;
					};
					2A32F0D726387A6800E0E590 = {
						CreatedOnToolsVersion = 12.4;
						TestTargetID = 2A32F0BB26387A6700E0E590;
					};
				};
			};
			buildConfigurationList = 2A32F0B726387A6700E0E590 /* Build configuration list for PBXProject "COSC603Project" */;
			compatibilityVersion = "Xcode 9.3";
			developmentRegion = en;
			hasScannedForEncodings = 0;
			knownRegions = (
				en,
				Base,
			);
			mainGroup = 2A32F0B326387A6700E0E590;
			productRefGroup = 2A32F0BD26387A6700E0E590 /* Products */;
			projectDirPath = "";
			projectRoot = "";
			targets = (
				2A32F0BB26387A6700E0E590 /* COSC603Project */,
				2A32F0CC26387A6800E0E590 /* COSC603ProjectTests */,
				2A32F0D726387A6800E0E590 /* COSC603ProjectUITests */,
			);
		};
/* End PBXProject section */

/* Begin PBXResourcesBuildPhase section */
		2A32F0BA26387A6700E0E590 /* Resources */ = {
			isa = PBXResourcesBuildPhase;
			buildActionMask = 2147483647;
			files = (
				2A32F0C726387A6800E0E590 /* Preview Assets.xcassets in Resources */,
				2A32F0C426387A6800E0E590 /* Assets.xcassets in Resources */,
			);
			runOnlyForDeploymentPostprocessing = 0;
		};
		2A32F0CB26387A6800E0E590 /* Resources */ = {
			isa = PBXResourcesBuildPhase;
			buildActionMask = 2147483647;
			files = (
			);
			runOnlyForDeploymentPostprocessing = 0;
		};
		2A32F0D626387A6800E0E590 /* Resources */ = {
			isa = PBXResourcesBuildPhase;
			buildActionMask = 2147483647;
			files = (
			);
			runOnlyForDeploymentPostprocessing = 0;
		};
/* End PBXResourcesBuildPhase section */

/* Begin PBXSourcesBuildPhase section */
		2A32F0B826387A6700E0E590 /* Sources */ = {
			isa = PBXSourcesBuildPhase;
			buildActionMask = 2147483647;
			files = (
				2A32F0EE2638933700E0E590 /* Operations.swift in Sources */,
				2A32F0C226387A6700E0E590 /* ContentView.swift in Sources */,
				2A32F0C026387A6700E0E590 /* COSC603ProjectApp.swift in Sources */,
			);
			runOnlyForDeploymentPostprocessing = 0;
		};
		2A32F0C926387A6800E0E590 /* Sources */ = {
			isa = PBXSourcesBuildPhase;
			buildActionMask = 2147483647;
			files = (
				2A7A674D264628F100347049 /* OperationsLogicCoverageTests.swift in Sources */,
				2A32F0D226387A6800E0E590 /* COSC603ProjectTests.swift in Sources */,
				2A7A674B264628D300347049 /* Operations.swift in Sources */,
			);
			runOnlyForDeploymentPostprocessing = 0;
		};
		2A32F0D426387A6800E0E590 /* Sources */ = {
			isa = PBXSourcesBuildPhase;
			buildActionMask = 2147483647;
			files = (
				2A32F0DD26387A6800E0E590 /* COSC603ProjectUITests.swift in Sources */,
			);
			runOnlyForDeploymentPostprocessing = 0;
		};
/* End PBXSourcesBuildPhase section */

/* Begin PBXTargetDependency section */
		2A32F0CF26387A6800E0E590 /* PBXTargetDependency */ = {
			isa = PBXTargetDependency;
			target = 2A32F0BB26387A6700E0E590 /* COSC603Project */;
			targetProxy = 2A32F0CE26387A6800E0E590 /* PBXContainerItemProxy */;
		};
		2A32F0DA26387A6800E0E590 /* PBXTargetDependency */ = {
			isa = PBXTargetDependency;
			target = 2A32F0BB26387A6700E0E590 /* COSC603Project */;
			targetProxy = 2A32F0D926387A6800E0E590 /* PBXContainerItemProxy */;
		};
/* End PBXTargetDependency section */

/* Begin XCBuildConfiguration section */
		2A32F0DF26387A6800E0E590 /* Debug */ = {
			isa = XCBuildConfiguration;
			buildSettings = {
				ALWAYS_SEARCH_USER_PATHS = NO;
				CLANG_ANALYZER_NONNULL = YES;
				CLANG_ANALYZER_NUMBER_OBJECT_CONVERSION = YES_AGGRESSIVE;
				CLANG_CXX_LANGUAGE_STANDARD = "gnu++14";
				CLANG_CXX_LIBRARY = "libc++";
				CLANG_ENABLE_MODULES = YES;
				CLANG_ENABLE_OBJC_ARC = YES;
				CLANG_ENABLE_OBJC_WEAK = YES;
				CLANG_WARN_BLOCK_CAPTURE_AUTORELEASING = YES;
				CLANG_WARN_BOOL_CONVERSION = YES;
				CLANG_WARN_COMMA = YES;
				CLANG_WARN_CONSTANT_CONVERSION = YES;
				CLANG_WARN_DEPRECATED_OBJC_IMPLEMENTATIONS = YES;
				CLANG_WARN_DIRECT_OBJC_ISA_USAGE = YES_ERROR;
				CLANG_WARN_DOCUMENTATION_COMMENTS = YES;
				CLANG_WARN_EMPTY_BODY = YES;
				CLANG_WARN_ENUM_CONVERSION = YES;
				CLANG_WARN_INFINITE_RECURSION = YES;
				CLANG_WARN_INT_CONVERSION = YES;
				CLANG_WARN_NON_LITERAL_NULL_CONVERSION = YES;
				CLANG_WARN_OBJC_IMPLICIT_RETAIN_SELF = YES;
				CLANG_WARN_OBJC_LITERAL_CONVERSION = YES;
				CLANG_WARN_OBJC_ROOT_CLASS = YES_ERROR;
				CLANG_WARN_QUOTED_INCLUDE_IN_FRAMEWORK_HEADER = YES;
				CLANG_WARN_RANGE_LOOP_ANALYSIS = YES;
				CLANG_WARN_STRICT_PROTOTYPES = YES;
				CLANG_WARN_SUSPICIOUS_MOVE = YES;
				CLANG_WARN_UNGUARDED_AVAILABILITY = YES_AGGRESSIVE;
				CLANG_WARN_UNREACHABLE_CODE = YES;
				CLANG_WARN__DUPLICATE_METHOD_MATCH = YES;
				COPY_PHASE_STRIP = NO;
				DEBUG_INFORMATION_FORMAT = dwarf;
				ENABLE_STRICT_OBJC_MSGSEND = YES;
				ENABLE_TESTABILITY = YES;
				GCC_C_LANGUAGE_STANDARD = gnu11;
				GCC_DYNAMIC_NO_PIC = NO;
				GCC_NO_COMMON_BLOCKS = YES;
				GCC_OPTIMIZATION_LEVEL = 0;
				GCC_PREPROCESSOR_DEFINITIONS = (
					"DEBUG=1",
					"$(inherited)",
				);
				GCC_WARN_64_TO_32_BIT_CONVERSION = YES;
				GCC_WARN_ABOUT_RETURN_TYPE = YES_ERROR;
				GCC_WARN_UNDECLARED_SELECTOR = YES;
				GCC_WARN_UNINITIALIZED_AUTOS = YES_AGGRESSIVE;
				GCC_WARN_UNUSED_FUNCTION = YES;
				GCC_WARN_UNUSED_VARIABLE = YES;
				IPHONEOS_DEPLOYMENT_TARGET = 14.4;
				MTL_ENABLE_DEBUG_INFO = INCLUDE_SOURCE;
				MTL_FAST_MATH = YES;
				ONLY_ACTIVE_ARCH = YES;
				SDKROOT = iphoneos;
				SWIFT_ACTIVE_COMPILATION_CONDITIONS = DEBUG;
				SWIFT_OPTIMIZATION_LEVEL = "-Onone";
			};
			name = Debug;
		};
		2A32F0E026387A6800E0E590 /* Release */ = {
			isa = XCBuildConfiguration;
			buildSettings = {
				ALWAYS_SEARCH_USER_PATHS = NO;
				CLANG_ANALYZER_NONNULL = YES;
				CLANG_ANALYZER_NUMBER_OBJECT_CONVERSION = YES_AGGRESSIVE;
				CLANG_CXX_LANGUAGE_STANDARD = "gnu++14";
				CLANG_CXX_LIBRARY = "libc++";
				CLANG_ENABLE_MODULES = YES;
				CLANG_ENABLE_OBJC_ARC = YES;
				CLANG_ENABLE_OBJC_WEAK = YES;
				CLANG_WARN_BLOCK_CAPTURE_AUTORELEASING = YES;
				CLANG_WARN_BOOL_CONVERSION = YES;
				CLANG_WARN_COMMA = YES;
				CLANG_WARN_CONSTANT_CONVERSION = YES;
				CLANG_WARN_DEPRECATED_OBJC_IMPLEMENTATIONS = YES;
				CLANG_WARN_DIRECT_OBJC_ISA_USAGE = YES_ERROR;
				CLANG_WARN_DOCUMENTATION_COMMENTS = YES;
				CLANG_WARN_EMPTY_BODY = YES;
				CLANG_WARN_ENUM_CONVERSION = YES;
				CLANG_WARN_INFINITE_RECURSION = YES;
				CLANG_WARN_INT_CONVERSION = YES;
				CLANG_WARN_NON_LITERAL_NULL_CONVERSION = YES;
				CLANG_WARN_OBJC_IMPLICIT_RETAIN_SELF = YES;
				CLANG_WARN_OBJC_LITERAL_CONVERSION = YES;
				CLANG_WARN_OBJC_ROOT_CLASS = YES_ERROR;
				CLANG_WARN_QUOTED_INCLUDE_IN_FRAMEWORK_HEADER = YES;
				CLANG_WARN_RANGE_LOOP_ANALYSIS = YES;
				CLANG_WARN_STRICT_PROTOTYPES = YES;
				CLANG_WARN_SUSPICIOUS_MOVE = YES;
				CLANG_WARN_UNGUARDED_AVAILABILITY = YES_AGGRESSIVE;
				CLANG_WARN_UNREACHABLE_CODE = YES;
				CLANG_WARN__DUPLICATE_METHOD_MATCH = YES;
				COPY_PHASE_STRIP = NO;
				DEBUG_INFORMATION_FORMAT = "dwarf-with-dsym";
				ENABLE_NS_ASSERTIONS = NO;
				ENABLE_STRICT_OBJC_MSGSEND = YES;
				GCC_C_LANGUAGE_STANDARD = gnu11;
				GCC_NO_COMMON_BLOCKS = YES;
				GCC_WARN_64_TO_32_BIT_CONVERSION = YES;
				GCC_WARN_ABOUT_RETURN_TYPE = YES_ERROR;
				GCC_WARN_UNDECLARED_SELECTOR = YES;
				GCC_WARN_UNINITIALIZED_AUTOS = YES_AGGRESSIVE;
				GCC_WARN_UNUSED_FUNCTION = YES;
				GCC_WARN_UNUSED_VARIABLE = YES;
				IPHONEOS_DEPLOYMENT_TARGET = 14.4;
				MTL_ENABLE_DEBUG_INFO = NO;
				MTL_FAST_MATH = YES;
				SDKROOT = iphoneos;
				SWIFT_COMPILATION_MODE = wholemodule;
				SWIFT_OPTIMIZATION_LEVEL = "-O";
				VALIDATE_PRODUCT = YES;
			};
			name = Release;
		};
		2A32F0E226387A6800E0E590 /* Debug */ = {
			isa = XCBuildConfiguration;
			buildSettings = {
				ASSETCATALOG_COMPILER_APPICON_NAME = AppIcon;
				ASSETCATALOG_COMPILER_GLOBAL_ACCENT_COLOR_NAME = AccentColor;
				CODE_SIGN_STYLE = Automatic;
				DEVELOPMENT_ASSET_PATHS = "\"COSC603Project/Preview Content\"";
				DEVELOPMENT_TEAM = W8HX5M6262;
				ENABLE_PREVIEWS = YES;
				INFOPLIST_FILE = COSC603Project/Info.plist;
				IPHONEOS_DEPLOYMENT_TARGET = 14.0;
				LD_RUNPATH_SEARCH_PATHS = (
					"$(inherited)",
					"@executable_path/Frameworks",
				);
				PRODUCT_BUNDLE_IDENTIFIER = jcombariza.COSC603Project;
				PRODUCT_NAME = "$(TARGET_NAME)";
				SWIFT_VERSION = 5.0;
				TARGETED_DEVICE_FAMILY = "1,2";
			};
			name = Debug;
		};
		2A32F0E326387A6800E0E590 /* Release */ = {
			isa = XCBuildConfiguration;
			buildSettings = {
				ASSETCATALOG_COMPILER_APPICON_NAME = AppIcon;
				ASSETCATALOG_COMPILER_GLOBAL_ACCENT_COLOR_NAME = AccentColor;
				CODE_SIGN_STYLE = Automatic;
				DEVELOPMENT_ASSET_PATHS = "\"COSC603Project/Preview Content\"";
				DEVELOPMENT_TEAM = W8HX5M6262;
				ENABLE_PREVIEWS = YES;
				INFOPLIST_FILE = COSC603Project/Info.plist;
				IPHONEOS_DEPLOYMENT_TARGET = 14.0;
				LD_RUNPATH_SEARCH_PATHS = (
					"$(inherited)",
					"@executable_path/Frameworks",
				);
				PRODUCT_BUNDLE_IDENTIFIER = jcombariza.COSC603Project;
				PRODUCT_NAME = "$(TARGET_NAME)";
				SWIFT_VERSION = 5.0;
				TARGETED_DEVICE_FAMILY = "1,2";
			};
			name = Release;
		};
		2A32F0E526387A6800E0E590 /* Debug */ = {
			isa = XCBuildConfiguration;
			buildSettings = {
				ALWAYS_EMBED_SWIFT_STANDARD_LIBRARIES = YES;
				BUNDLE_LOADER = "$(TEST_HOST)";
				CODE_SIGN_STYLE = Automatic;
				DEVELOPMENT_TEAM = W8HX5M6262;
				INFOPLIST_FILE = COSC603ProjectTests/Info.plist;
				IPHONEOS_DEPLOYMENT_TARGET = 14.0;
				LD_RUNPATH_SEARCH_PATHS = (
					"$(inherited)",
					"@executable_path/Frameworks",
					"@loader_path/Frameworks",
				);
				PRODUCT_BUNDLE_IDENTIFIER = jcombariza.COSC603ProjectTests;
				PRODUCT_NAME = "$(TARGET_NAME)";
				SWIFT_VERSION = 5.0;
				TARGETED_DEVICE_FAMILY = "1,2";
				TEST_HOST = "$(BUILT_PRODUCTS_DIR)/COSC603Project.app/COSC603Project";
			};
			name = Debug;
		};
		2A32F0E626387A6800E0E590 /* Release */ = {
			isa = XCBuildConfiguration;
			buildSettings = {
				ALWAYS_EMBED_SWIFT_STANDARD_LIBRARIES = YES;
				BUNDLE_LOADER = "$(TEST_HOST)";
				CODE_SIGN_STYLE = Automatic;
				DEVELOPMENT_TEAM = W8HX5M6262;
				INFOPLIST_FILE = COSC603ProjectTests/Info.plist;
				IPHONEOS_DEPLOYMENT_TARGET = 14.0;
				LD_RUNPATH_SEARCH_PATHS = (
					"$(inherited)",
					"@executable_path/Frameworks",
					"@loader_path/Frameworks",
				);
				PRODUCT_BUNDLE_IDENTIFIER = jcombariza.COSC603ProjectTests;
				PRODUCT_NAME = "$(TARGET_NAME)";
				SWIFT_VERSION = 5.0;
				TARGETED_DEVICE_FAMILY = "1,2";
				TEST_HOST = "$(BUILT_PRODUCTS_DIR)/COSC603Project.app/COSC603Project";
			};
			name = Release;
		};
		2A32F0E826387A6800E0E590 /* Debug */ = {
			isa = XCBuildConfiguration;
			buildSettings = {
				ALWAYS_EMBED_SWIFT_STANDARD_LIBRARIES = YES;
				CODE_SIGN_STYLE = Automatic;
				DEVELOPMENT_TEAM = W8HX5M6262;
				INFOPLIST_FILE = COSC603ProjectUITests/Info.plist;
				LD_RUNPATH_SEARCH_PATHS = (
					"$(inherited)",
					"@executable_path/Frameworks",
					"@loader_path/Frameworks",
				);
				PRODUCT_BUNDLE_IDENTIFIER = jcombariza.COSC603ProjectUITests;
				PRODUCT_NAME = "$(TARGET_NAME)";
				SWIFT_VERSION = 5.0;
				TARGETED_DEVICE_FAMILY = "1,2";
				TEST_TARGET_NAME = COSC603Project;
			};
			name = Debug;
		};
		2A32F0E926387A6800E0E590 /* Release */ = {
			isa = XCBuildConfiguration;
			buildSettings = {
				ALWAYS_EMBED_SWIFT_STANDARD_LIBRARIES = YES;
				CODE_SIGN_STYLE = Automatic;
				DEVELOPMENT_TEAM = W8HX5M6262;
				INFOPLIST_FILE = COSC603ProjectUITests/Info.plist;
				LD_RUNPATH_SEARCH_PATHS = (
					"$(inherited)",
					"@executable_path/Frameworks",
					"@loader_path/Frameworks",
				);
				PRODUCT_BUNDLE_IDENTIFIER = jcombariza.COSC603ProjectUITests;
				PRODUCT_NAME = "$(TARGET_NAME)";
				SWIFT_VERSION = 5.0;
				TARGETED_DEVICE_FAMILY = "1,2";
				TEST_TARGET_NAME = COSC603Project;
			};
			name = Release;
		};
/* End XCBuildConfiguration section */

/* Begin XCConfigurationList section */
		2A32F0B726387A6700E0E590 /* Build configuration list for PBXProject "COSC603Project" */ = {
			isa = XCConfigurationList;
			buildConfigurations = (
				2A32F0DF26387A6800E0E590 /* Debug */,
				2A32F0E026387A6800E0E590 /* Release */,
			);
			defaultConfigurationIsVisible = 0;
			defaultConfigurationName = Release;
		};
		2A32F0E126387A6800E0E590 /* Build configuration list for PBXNativeTarget "COSC603Project" */ = {
			isa = XCConfigurationList;
			buildConfigurations = (
				2A32F0E226387A6800E0E590 /* Debug */,
				2A32F0E326387A6800E0E590 /* Release */,
			);
			defaultConfigurationIsVisible = 0;
			defaultConfigurationName = Release;
		};
		2A32F0E426387A6800E0E590 /* Build configuration list for PBXNativeTarget "COSC603ProjectTests" */ = {
			isa = XCConfigurationList;
			buildConfigurations = (
				2A32F0E526387A6800E0E590 /* Debug */,
				2A32F0E626387A6800E0E590 /* Release */,
			);
			defaultConfigurationIsVisible = 0;
			defaultConfigurationName = Release;
		};
		2A32F0E726387A6800E0E590 /* Build configuration list for PBXNativeTarget "COSC603ProjectUITests" */ = {
			isa = XCConfigurationList;
			buildConfigurations = (
				2A32F0E826387A6800E0E590 /* Debug */,
				2A32F0E926387A6800E0E590 /* Release */,
			);
			defaultConfigurationIsVisible = 0;
			defaultConfigurationName = Release;
		};
/* End XCConfigurationList section */
	};
	rootObject = 2A32F0B426387A6700E0E590 /* Project object */;
}
